<?xml version="1.0" encoding="utf-8"?>
<Project ToolsVersion="4.0" xmlns="http://schemas.microsoft.com/developer/msbuild/2003">
  <ItemGroup>
    <FxCompile Include="Engine\DebugPixelShader.hlsl">
      <Filter>Engine\Shader</Filter>
    </FxCompile>
    <FxCompile Include="Engine\DebugVertexShader.hlsl">
      <Filter>Engine\Shader</Filter>
    </FxCompile>
    <FxCompile Include="Engine\TexturePixelShader.hlsl">
      <Filter>Engine\Shader</Filter>
    </FxCompile>
  </ItemGroup>
  <ItemGroup>
    <ClCompile Include="ImGUI\imgui.cpp">
      <Filter>Engine\Library\ImGUI</Filter>
    </ClCompile>
    <ClCompile Include="ImGUI\imgui_demo.cpp">
      <Filter>Engine\Library\ImGUI</Filter>
    </ClCompile>
    <ClCompile Include="ImGUI\imgui_draw.cpp">
      <Filter>Engine\Library\ImGUI</Filter>
    </ClCompile>
    <ClCompile Include="ImGUI\imgui_impl_dx9.cpp">
      <Filter>Engine\Library\ImGUI</Filter>
    </ClCompile>
    <ClCompile Include="ImGUI\imgui_impl_dx10.cpp">
      <Filter>Engine\Library\ImGUI</Filter>
    </ClCompile>
    <ClCompile Include="ImGUI\imgui_impl_dx11.cpp">
      <Filter>Engine\Library\ImGUI</Filter>
    </ClCompile>
    <ClCompile Include="ImGUI\imgui_impl_dx12.cpp">
      <Filter>Engine\Library\ImGUI</Filter>
    </ClCompile>
    <ClCompile Include="ImGUI\imgui_impl_win32.cpp">
      <Filter>Engine\Library\ImGUI</Filter>
    </ClCompile>
    <ClCompile Include="ImGUI\imgui_tables.cpp">
      <Filter>Engine\Library\ImGUI</Filter>
    </ClCompile>
    <ClCompile Include="ImGUI\imgui_widgets.cpp">
      <Filter>Engine\Library\ImGUI</Filter>
    </ClCompile>
    <ClCompile Include="Engine\DirectX3DManager.cpp">
      <Filter>Engine\Manager</Filter>
    </ClCompile>
    <ClCompile Include="Engine\CameraManager.cpp">
      <Filter>Engine\Manager</Filter>
    </ClCompile>
    <ClCompile Include="Engine\BootScene.cpp">
      <Filter>Engine\Scene</Filter>
    </ClCompile>
    <ClCompile Include="Engine\FBX.cpp">
      <Filter>Engine\Object</Filter>
    </ClCompile>
    <ClCompile Include="Engine\Image.cpp">
      <Filter>Engine\Object</Filter>
    </ClCompile>
    <ClCompile Include="Engine\Triangle.cpp">
      <Filter>Engine\Object</Filter>
    </ClCompile>
    <ClCompile Include="Engine\ObjectManager.cpp">
      <Filter>Engine\Manager</Filter>
    </ClCompile>
    <ClCompile Include="Engine\SceneManager.cpp">
      <Filter>Engine\Manager</Filter>
    </ClCompile>
    <ClCompile Include="Main.cpp">
      <Filter>Engine</Filter>
    </ClCompile>
    <ClCompile Include="Engine\InputManager.cpp">
      <Filter>Engine\Manager</Filter>
    </ClCompile>
    <ClCompile Include="Engine\CircleCollider.cpp">
      <Filter>Engine\Object</Filter>
    </ClCompile>
    <ClCompile Include="Engine\DirectX2DManager.cpp">
      <Filter>Engine\Manager</Filter>
    </ClCompile>
    <ClCompile Include="Engine\Box.cpp">
      <Filter>Engine\Object</Filter>
    </ClCompile>
    <ClCompile Include="Engine\Texture.cpp">
      <Filter>Engine\Data</Filter>
    </ClCompile>
    <ClCompile Include="Engine\AudioManager.cpp">
      <Filter>Engine\Manager\Resource</Filter>
    </ClCompile>
    <ClCompile Include="Engine\CSVManager.cpp">
      <Filter>Engine\Manager\Resource</Filter>
    </ClCompile>
    <ClCompile Include="ClientSocketManager.cpp">
      <Filter>Engine\Manager\Network</Filter>
    </ClCompile>
    <ClCompile Include="Engine\ServerSocketManager.cpp">
      <Filter>Engine\Manager\Network</Filter>
    </ClCompile>
  </ItemGroup>
  <ItemGroup>
    <ClInclude Include="ImGUI\imgui.h">
      <Filter>Engine\Library\ImGUI</Filter>
    </ClInclude>
    <ClInclude Include="ImGUI\imgui_impl_android.h">
      <Filter>Engine\Library\ImGUI</Filter>
    </ClInclude>
    <ClInclude Include="ImGUI\imgui_impl_dx9.h">
      <Filter>Engine\Library\ImGUI</Filter>
    </ClInclude>
    <ClInclude Include="ImGUI\imgui_impl_dx10.h">
      <Filter>Engine\Library\ImGUI</Filter>
    </ClInclude>
    <ClInclude Include="ImGUI\imgui_impl_dx11.h">
      <Filter>Engine\Library\ImGUI</Filter>
    </ClInclude>
    <ClInclude Include="ImGUI\imgui_impl_dx12.h">
      <Filter>Engine\Library\ImGUI</Filter>
    </ClInclude>
    <ClInclude Include="ImGUI\imgui_impl_win32.h">
      <Filter>Engine\Library\ImGUI</Filter>
    </ClInclude>
    <ClInclude Include="ImGUI\imgui_internal.h">
      <Filter>Engine\Library\ImGUI</Filter>
    </ClInclude>
    <ClInclude Include="ImGUI\imstb_rectpack.h">
      <Filter>Engine\Library\ImGUI</Filter>
    </ClInclude>
    <ClInclude Include="ImGUI\imstb_textedit.h">
      <Filter>Engine\Library\ImGUI</Filter>
    </ClInclude>
    <ClInclude Include="ImGUI\imstb_truetype.h">
      <Filter>Engine\Library\ImGUI</Filter>
    </ClInclude>
    <ClInclude Include="Engine\DirectX3DManager.h">
      <Filter>Engine\Manager</Filter>
    </ClInclude>
    <ClInclude Include="Engine\CameraManager.h">
      <Filter>Engine\Manager</Filter>
    </ClInclude>
    <ClInclude Include="Engine\BaseScene.h">
      <Filter>Engine\Scene</Filter>
    </ClInclude>
    <ClInclude Include="Engine\BaseObject.h">
      <Filter>Engine\Object</Filter>
    </ClInclude>
    <ClInclude Include="Engine\BootScene.h">
      <Filter>Engine\Scene</Filter>
    </ClInclude>
    <ClInclude Include="Engine\FBX.h">
      <Filter>Engine\Object</Filter>
    </ClInclude>
    <ClInclude Include="Engine\Image.h">
      <Filter>Engine\Object</Filter>
    </ClInclude>
    <ClInclude Include="ImGUI\imconfig.h">
      <Filter>Engine\Library\ImGUI</Filter>
    </ClInclude>
    <ClInclude Include="Engine\Triangle.h">
      <Filter>Engine\Object</Filter>
    </ClInclude>
    <ClInclude Include="Engine\InputManager.h">
      <Filter>Engine\Manager</Filter>
    </ClInclude>
    <ClInclude Include="Engine\LoggerManager.h">
      <Filter>Engine\Manager</Filter>
    </ClInclude>
    <ClInclude Include="Engine\ObjectManager.h">
      <Filter>Engine\Manager</Filter>
    </ClInclude>
    <ClInclude Include="Engine\SceneManager.h">
      <Filter>Engine\Manager</Filter>
    </ClInclude>
    <ClInclude Include="GameEngine.hpp">
      <Filter>Engine</Filter>
    </ClInclude>
    <ClInclude Include="Engine\CircleCollider.h">
      <Filter>Engine\Object</Filter>
    </ClInclude>
    <ClInclude Include="Engine\Collider.h">
      <Filter>Engine\Object</Filter>
    </ClInclude>
    <ClInclude Include="Engine\DirectX2DManager.h">
      <Filter>Engine\Manager</Filter>
    </ClInclude>
    <ClInclude Include="Engine\Box.h">
      <Filter>Engine\Object</Filter>
    </ClInclude>
    <ClInclude Include="Engine\Texture.h">
      <Filter>Engine\Data</Filter>
    </ClInclude>
    <ClInclude Include="Engine\BaseData.h">
      <Filter>Engine\Data</Filter>
    </ClInclude>
    <ClInclude Include="Engine\AudioManager.h">
      <Filter>Engine\Manager\Resource</Filter>
    </ClInclude>
    <ClInclude Include="Engine\CSVManager.h">
      <Filter>Engine\Manager\Resource</Filter>
    </ClInclude>
    <ClInclude Include="ClientSocketManager.h">
      <Filter>Engine\Manager\Network</Filter>
    </ClInclude>
    <ClInclude Include="Engine\ServerSocketManager.h">
      <Filter>Engine\Manager\Network</Filter>
    </ClInclude>
  </ItemGroup>
  <ItemGroup>
    <Filter Include="Engine">
      <UniqueIdentifier>{371c8e8c-e720-443e-9579-3efe10b5ad02}</UniqueIdentifier>
    </Filter>
    <Filter Include="Engine\Manager">
      <UniqueIdentifier>{e2385174-1b31-4dfa-8129-9497a9229256}</UniqueIdentifier>
    </Filter>
    <Filter Include="Engine\Object">
      <UniqueIdentifier>{33328eda-2e51-4a4c-a101-45f94922572a}</UniqueIdentifier>
    </Filter>
    <Filter Include="Engine\Shader">
      <UniqueIdentifier>{e1cd4e67-724b-4acd-ac63-50d6818d56da}</UniqueIdentifier>
    </Filter>
    <Filter Include="Engine\Library">
      <UniqueIdentifier>{50d4d22b-5b2b-493c-928c-3aa263995959}</UniqueIdentifier>
    </Filter>
    <Filter Include="Engine\Library\ImGUI">
      <UniqueIdentifier>{19683f9d-0adc-4f9b-bf4a-a45a0dd222ca}</UniqueIdentifier>
    </Filter>
    <Filter Include="Engine\Scene">
      <UniqueIdentifier>{501adf3f-be7b-482f-84fe-f81ab2ceef17}</UniqueIdentifier>
    </Filter>
    <Filter Include="Source">
      <UniqueIdentifier>{a322b7ce-de51-4734-a384-55e7556b0200}</UniqueIdentifier>
    </Filter>
    <Filter Include="Source\Object">
      <UniqueIdentifier>{557d3a61-b9d8-4caf-98fa-d1228d4ba9ad}</UniqueIdentifier>
    </Filter>
    <Filter Include="Source\Scene">
      <UniqueIdentifier>{0ba8bc9d-2bd9-4ee9-966b-2a004ac4eba6}</UniqueIdentifier>
    </Filter>
    <Filter Include="Engine\Data">
      <UniqueIdentifier>{1cc80868-bd6f-4b35-a3ef-fe47065dfa15}</UniqueIdentifier>
    </Filter>
    <Filter Include="Engine\Manager\Resource">
      <UniqueIdentifier>{6c41fd23-ce4f-4ab4-8a47-d01406f5b793}</UniqueIdentifier>
    </Filter>
    <Filter Include="Engine\Manager\Network">
      <UniqueIdentifier>{c9cd1fee-141f-4553-8a0e-545595c05442}</UniqueIdentifier>
    </Filter>
  </ItemGroup>
</Project>